<?xml version="1.0" encoding="utf-8"?>
<Project ToolsVersion="4.0" xmlns="http://schemas.microsoft.com/developer/msbuild/2003">
  <ItemGroup>
    <Filter Include="__resource file__">
      <UniqueIdentifier>{67DA6AB6-F800-4c08-8B7A-83BB121AAD01}</UniqueIdentifier>
      <Extensions>rc;ico;cur;bmp;dlg;rc2;rct;bin;rgs;gif;jpg;jpeg;jpe;resx;tiff;tif;png;wav;mfcribbon-ms</Extensions>
    </Filter>
    <Filter Include="__resource__">
      <UniqueIdentifier>{8153e220-e6f3-4363-aa01-d25128d01eb0}</UniqueIdentifier>
    </Filter>
    <Filter Include="__meta__">
      <UniqueIdentifier>{b7795d94-a7a6-4277-adaa-f1f6802adb89}</UniqueIdentifier>
    </Filter>
    <Filter Include="Implement">
      <UniqueIdentifier>{f2698cfe-c65a-49a6-a0b6-6fdc46b46121}</UniqueIdentifier>
    </Filter>
    <Filter Include="Interface">
      <UniqueIdentifier>{98ee374d-6029-496a-8447-baa5e32a1efe}</UniqueIdentifier>
    </Filter>
  </ItemGroup>
  <ItemGroup>
    <ClCompile Include="dllmain.cpp">
      <Filter>__meta__</Filter>
    </ClCompile>
    <ClCompile Include="HEM_UI.cpp">
      <Filter>__meta__</Filter>
    </ClCompile>
    <ClCompile Include="pch.cpp">
      <Filter>__meta__</Filter>
    </ClCompile>
    <ClCompile Include="HEMuiDevDialog.cpp">
      <Filter>Implement</Filter>
    </ClCompile>
    <ClCompile Include="HEMuiDialog.cpp">
      <Filter>Interface</Filter>
    </ClCompile>
  </ItemGroup>
  <ItemGroup>
    <None Include="HEM_UI.def">
      <Filter>__meta__</Filter>
    </None>
    <None Include="res\HEM_UI.rc2">
      <Filter>__resource__</Filter>
    </None>
  </ItemGroup>
  <ItemGroup>
    <ClInclude Include="framework.h">
      <Filter>__meta__</Filter>
    </ClInclude>
    <ClInclude Include="pch.h">
      <Filter>__meta__</Filter>
    </ClInclude>
    <ClInclude Include="targetver.h">
      <Filter>__meta__</Filter>
    </ClInclude>
    <ClInclude Include="Resource.h">
      <Filter>__resource__</Filter>
    </ClInclude>
    <ClInclude Include="HEMuiDevDialog.h">
      <Filter>Implement</Filter>
    </ClInclude>
    <ClInclude Include="HEMuiDialog.h">
      <Filter>Interface</Filter>
    </ClInclude>
  </ItemGroup>
  <ItemGroup>
    <ResourceCompile Include="HEM_UI.rc">
      <Filter>__resource__</Filter>
    </ResourceCompile>
  </ItemGroup>
</Project>