<?xml version="1.0" encoding="utf-8"?>
<Project ToolsVersion="4.0" xmlns="http://schemas.microsoft.com/developer/msbuild/2003">
  <ItemGroup>
    <Filter Include="__resource file__">
      <UniqueIdentifier>{67DA6AB6-F800-4c08-8B7A-83BB121AAD01}</UniqueIdentifier>
      <Extensions>rc;ico;cur;bmp;dlg;rc2;rct;bin;rgs;gif;jpg;jpeg;jpe;resx;tiff;tif;png;wav;mfcribbon-ms</Extensions>
    </Filter>
    <Filter Include="__meta__">
      <UniqueIdentifier>{2247dc06-5fac-407a-ba42-ddd2657d5636}</UniqueIdentifier>
    </Filter>
    <Filter Include="__resource__">
      <UniqueIdentifier>{a4c9c356-48ee-4179-93cd-2c23915f6014}</UniqueIdentifier>
    </Filter>
    <Filter Include="GL">
      <UniqueIdentifier>{8499c22a-f9f0-40f9-bf88-a0782dcb875d}</UniqueIdentifier>
    </Filter>
    <Filter Include="Render">
      <UniqueIdentifier>{46fe00c3-c7f2-448f-b336-fb953e16c959}</UniqueIdentifier>
    </Filter>
    <Filter Include="Render\Buffer">
      <UniqueIdentifier>{7dcef7eb-3b40-47aa-921e-15645d19115a}</UniqueIdentifier>
    </Filter>
  </ItemGroup>
  <ItemGroup>
    <ClCompile Include="HEM_WGL.cpp">
      <Filter>__meta__</Filter>
    </ClCompile>
    <ClCompile Include="pch.cpp">
      <Filter>__meta__</Filter>
    </ClCompile>
    <ClCompile Include="WGLSubView.cpp">
      <Filter>GL</Filter>
    </ClCompile>
    <ClCompile Include="WGLView.cpp">
      <Filter>GL</Filter>
    </ClCompile>
    <ClCompile Include="HEMRenderBase.cpp">
      <Filter>Render</Filter>
    </ClCompile>
    <ClCompile Include="HEMRenderManager.cpp">
      <Filter>Render</Filter>
    </ClCompile>
    <ClCompile Include="HEMRenderFactory.cpp">
      <Filter>Render</Filter>
    </ClCompile>
  </ItemGroup>
  <ItemGroup>
    <None Include="HEM_WGL.def">
      <Filter>__meta__</Filter>
    </None>
    <None Include="res\HEM_WGL.rc2">
      <Filter>__resource__</Filter>
    </None>
  </ItemGroup>
  <ItemGroup>
    <ClInclude Include="framework.h">
      <Filter>__meta__</Filter>
    </ClInclude>
    <ClInclude Include="HEM_WGL.h">
      <Filter>__meta__</Filter>
    </ClInclude>
    <ClInclude Include="pch.h">
      <Filter>__meta__</Filter>
    </ClInclude>
    <ClInclude Include="targetver.h">
      <Filter>__meta__</Filter>
    </ClInclude>
    <ClInclude Include="Resource.h">
      <Filter>__resource__</Filter>
    </ClInclude>
    <ClInclude Include="WGLSubView.h">
      <Filter>GL</Filter>
    </ClInclude>
    <ClInclude Include="WGLView.h">
      <Filter>GL</Filter>
    </ClInclude>
    <ClInclude Include="AllHeaderGL.h">
      <Filter>__meta__</Filter>
    </ClInclude>
    <ClInclude Include="HEMRenderBase.h">
      <Filter>Render</Filter>
    </ClInclude>
    <ClInclude Include="HEMRenderManager.h">
      <Filter>Render</Filter>
    </ClInclude>
    <ClInclude Include="HEMRenderFactory.h">
      <Filter>Render</Filter>
    </ClInclude>
  </ItemGroup>
  <ItemGroup>
    <ResourceCompile Include="HEM_WGL.rc">
      <Filter>__resource__</Filter>
    </ResourceCompile>
  </ItemGroup>
</Project>