
Microsoft Visual Studio Solution File, Format Version 12.00
# Visual Studio Version 16
VisualStudioVersion = 16.0.32106.194
MinimumVisualStudioVersion = 10.0.40219.1
Project("{8BC9CEB8-8B4A-11D0-8D11-00A0C91BC942}") = "HEModeler", "HEModeler\HEModeler.vcxproj", "{5D9209D6-57FE-4D04-99A3-0461EECD5D58}"
EndProject
Project("{8BC9CEB8-8B4A-11D0-8D11-00A0C91BC942}") = "HEM_LIB", "HEM_LIB\HEM_LIB.vcxproj", "{459B2CD6-7D33-46CE-BF25-4FB3D2BCF147}"
EndProject
Project("{8BC9CEB8-8B4A-11D0-8D11-00A0C91BC942}") = "HEM_RENDER", "HEM_RENDER\HEM_RENDER.vcxproj", "{811D6EFA-C4D6-471E-A23A-6238D0C6D8A0}"
EndProject
Project("{8BC9CEB8-8B4A-11D0-8D11-00A0C91BC942}") = "HEM_BASE", "HEM_BASE\HEM_BASE.vcxproj", "{A1254F7E-3F0F-41D7-B7CD-4887F4FA5FC4}"
EndProject
Project("{2150E333-8FDC-42A3-9474-1A3956D46DE8}") = "Engine", "Engine", "{7A88AC8E-F970-49F7-85F3-A795EC36701B}"
EndProject
Project("{2150E333-8FDC-42A3-9474-1A3956D46DE8}") = "Applicateion", "Applicateion", "{0D5721A8-15D6-4E8E-AE42-82A43A3DE9B2}"
EndProject
Project("{8BC9CEB8-8B4A-11D0-8D11-00A0C91BC942}") = "HEM_DATA", "HEM_DATA\HEM_DATA.vcxproj", "{64192C83-2FA6-4888-9607-5D102149CD57}"
EndProject
Project("{8BC9CEB8-8B4A-11D0-8D11-00A0C91BC942}") = "HEM_WGL", "HEM_WGL\HEM_WGL.vcxproj", "{B2AF68CE-B4E0-4D9D-BC26-E153E515C3F1}"
EndProject
Global
	GlobalSection(SolutionConfigurationPlatforms) = preSolution
		Debug|x64 = Debug|x64
		Debug|x86 = Debug|x86
		Release|x64 = Release|x64
		Release|x86 = Release|x86
	EndGlobalSection
	GlobalSection(ProjectConfigurationPlatforms) = postSolution
		{5D9209D6-57FE-4D04-99A3-0461EECD5D58}.Debug|x64.ActiveCfg = Debug|x64
		{5D9209D6-57FE-4D04-99A3-0461EECD5D58}.Debug|x64.Build.0 = Debug|x64
		{5D9209D6-57FE-4D04-99A3-0461EECD5D58}.Debug|x86.ActiveCfg = Debug|Win32
		{5D9209D6-57FE-4D04-99A3-0461EECD5D58}.Debug|x86.Build.0 = Debug|Win32
		{5D9209D6-57FE-4D04-99A3-0461EECD5D58}.Release|x64.ActiveCfg = Release|x64
		{5D9209D6-57FE-4D04-99A3-0461EECD5D58}.Release|x64.Build.0 = Release|x64
		{5D9209D6-57FE-4D04-99A3-0461EECD5D58}.Release|x86.ActiveCfg = Release|Win32
		{5D9209D6-57FE-4D04-99A3-0461EECD5D58}.Release|x86.Build.0 = Release|Win32
		{459B2CD6-7D33-46CE-BF25-4FB3D2BCF147}.Debug|x64.ActiveCfg = Debug|x64
		{459B2CD6-7D33-46CE-BF25-4FB3D2BCF147}.Debug|x64.Build.0 = Debug|x64
		{459B2CD6-7D33-46CE-BF25-4FB3D2BCF147}.Debug|x86.ActiveCfg = Debug|Win32
		{459B2CD6-7D33-46CE-BF25-4FB3D2BCF147}.Debug|x86.Build.0 = Debug|Win32
		{459B2CD6-7D33-46CE-BF25-4FB3D2BCF147}.Release|x64.ActiveCfg = Release|x64
		{459B2CD6-7D33-46CE-BF25-4FB3D2BCF147}.Release|x64.Build.0 = Release|x64
		{459B2CD6-7D33-46CE-BF25-4FB3D2BCF147}.Release|x86.ActiveCfg = Release|Win32
		{459B2CD6-7D33-46CE-BF25-4FB3D2BCF147}.Release|x86.Build.0 = Release|Win32
		{811D6EFA-C4D6-471E-A23A-6238D0C6D8A0}.Debug|x64.ActiveCfg = Debug|x64
		{811D6EFA-C4D6-471E-A23A-6238D0C6D8A0}.Debug|x64.Build.0 = Debug|x64
		{811D6EFA-C4D6-471E-A23A-6238D0C6D8A0}.Debug|x86.ActiveCfg = Debug|Win32
		{811D6EFA-C4D6-471E-A23A-6238D0C6D8A0}.Debug|x86.Build.0 = Debug|Win32
		{811D6EFA-C4D6-471E-A23A-6238D0C6D8A0}.Release|x64.ActiveCfg = Release|x64
		{811D6EFA-C4D6-471E-A23A-6238D0C6D8A0}.Release|x64.Build.0 = Release|x64
		{811D6EFA-C4D6-471E-A23A-6238D0C6D8A0}.Release|x86.ActiveCfg = Release|Win32
		{811D6EFA-C4D6-471E-A23A-6238D0C6D8A0}.Release|x86.Build.0 = Release|Win32
		{A1254F7E-3F0F-41D7-B7CD-4887F4FA5FC4}.Debug|x64.ActiveCfg = Debug|x64
		{A1254F7E-3F0F-41D7-B7CD-4887F4FA5FC4}.Debug|x64.Build.0 = Debug|x64
		{A1254F7E-3F0F-41D7-B7CD-4887F4FA5FC4}.Debug|x86.ActiveCfg = Debug|Win32
		{A1254F7E-3F0F-41D7-B7CD-4887F4FA5FC4}.Debug|x86.Build.0 = Debug|Win32
		{A1254F7E-3F0F-41D7-B7CD-4887F4FA5FC4}.Release|x64.ActiveCfg = Release|x64
		{A1254F7E-3F0F-41D7-B7CD-4887F4FA5FC4}.Release|x64.Build.0 = Release|x64
		{A1254F7E-3F0F-41D7-B7CD-4887F4FA5FC4}.Release|x86.ActiveCfg = Release|Win32
		{A1254F7E-3F0F-41D7-B7CD-4887F4FA5FC4}.Release|x86.Build.0 = Release|Win32
		{64192C83-2FA6-4888-9607-5D102149CD57}.Debug|x64.ActiveCfg = Debug|x64
		{64192C83-2FA6-4888-9607-5D102149CD57}.Debug|x64.Build.0 = Debug|x64
		{64192C83-2FA6-4888-9607-5D102149CD57}.Debug|x86.ActiveCfg = Debug|Win32
		{64192C83-2FA6-4888-9607-5D102149CD57}.Debug|x86.Build.0 = Debug|Win32
		{64192C83-2FA6-4888-9607-5D102149CD57}.Release|x64.ActiveCfg = Release|x64
		{64192C83-2FA6-4888-9607-5D102149CD57}.Release|x64.Build.0 = Release|x64
		{64192C83-2FA6-4888-9607-5D102149CD57}.Release|x86.ActiveCfg = Release|Win32
		{64192C83-2FA6-4888-9607-5D102149CD57}.Release|x86.Build.0 = Release|Win32
		{B2AF68CE-B4E0-4D9D-BC26-E153E515C3F1}.Debug|x64.ActiveCfg = Debug|x64
		{B2AF68CE-B4E0-4D9D-BC26-E153E515C3F1}.Debug|x64.Build.0 = Debug|x64
		{B2AF68CE-B4E0-4D9D-BC26-E153E515C3F1}.Debug|x86.ActiveCfg = Debug|Win32
		{B2AF68CE-B4E0-4D9D-BC26-E153E515C3F1}.Debug|x86.Build.0 = Debug|Win32
		{B2AF68CE-B4E0-4D9D-BC26-E153E515C3F1}.Release|x64.ActiveCfg = Release|x64
		{B2AF68CE-B4E0-4D9D-BC26-E153E515C3F1}.Release|x64.Build.0 = Release|x64
		{B2AF68CE-B4E0-4D9D-BC26-E153E515C3F1}.Release|x86.ActiveCfg = Release|Win32
		{B2AF68CE-B4E0-4D9D-BC26-E153E515C3F1}.Release|x86.Build.0 = Release|Win32
	EndGlobalSection
	GlobalSection(SolutionProperties) = preSolution
		HideSolutionNode = FALSE
	EndGlobalSection
	GlobalSection(NestedProjects) = preSolution
		{459B2CD6-7D33-46CE-BF25-4FB3D2BCF147} = {7A88AC8E-F970-49F7-85F3-A795EC36701B}
		{811D6EFA-C4D6-471E-A23A-6238D0C6D8A0} = {0D5721A8-15D6-4E8E-AE42-82A43A3DE9B2}
		{A1254F7E-3F0F-41D7-B7CD-4887F4FA5FC4} = {7A88AC8E-F970-49F7-85F3-A795EC36701B}
		{64192C83-2FA6-4888-9607-5D102149CD57} = {0D5721A8-15D6-4E8E-AE42-82A43A3DE9B2}
		{B2AF68CE-B4E0-4D9D-BC26-E153E515C3F1} = {7A88AC8E-F970-49F7-85F3-A795EC36701B}
	EndGlobalSection
	GlobalSection(ExtensibilityGlobals) = postSolution
		SolutionGuid = {972F1D2F-0BC6-4616-A53A-A782D7B90C73}
	EndGlobalSection
EndGlobal
