
Microsoft Visual Studio Solution File, Format Version 12.00
# Visual Studio Version 16
VisualStudioVersion = 16.0.32106.194
MinimumVisualStudioVersion = 10.0.40219.1
Project("{8BC9CEB8-8B4A-11D0-8D11-00A0C91BC942}") = "HEModeler", "HEModeler\HEModeler.vcxproj", "{5D9209D6-57FE-4D04-99A3-0461EECD5D58}"
EndProject
Project("{2150E333-8FDC-42A3-9474-1A3956D46DE8}") = "00. Engine", "00. Engine", "{7A88AC8E-F970-49F7-85F3-A795EC36701B}"
EndProject
Project("{2150E333-8FDC-42A3-9474-1A3956D46DE8}") = "01. Applicateion", "01. Applicateion", "{0D5721A8-15D6-4E8E-AE42-82A43A3DE9B2}"
EndProject
Project("{8BC9CEB8-8B4A-11D0-8D11-00A0C91BC942}") = "HEM_UI", "HEM_UI\HEM_UI.vcxproj", "{F1D65F4B-6600-42F7-8093-327E12B66A48}"
EndProject
Project("{8BC9CEB8-8B4A-11D0-8D11-00A0C91BC942}") = "HE_WGL", "HE_WGL\HE_WGL.vcxproj", "{A88FDFA5-652C-411F-A459-60A6F876A5D8}"
EndProject
Project("{8BC9CEB8-8B4A-11D0-8D11-00A0C91BC942}") = "HE_BASE", "HE_BASE\HE_BASE.vcxproj", "{12DD5F81-CB26-42FF-A502-36FC9DAA1830}"
EndProject
Project("{8BC9CEB8-8B4A-11D0-8D11-00A0C91BC942}") = "HE_LIB", "HE_LIB\HE_LIB.vcxproj", "{390A0DDE-6954-4276-B30B-D84892E4B443}"
EndProject
Project("{8BC9CEB8-8B4A-11D0-8D11-00A0C91BC942}") = "HE_RENDER", "HE_RENDER\HE_RENDER.vcxproj", "{960FC349-8736-4452-BEE6-99433DD047B6}"
EndProject
Global
	GlobalSection(SolutionConfigurationPlatforms) = preSolution
		Debug|x64 = Debug|x64
		Debug|x86 = Debug|x86
		Release|x64 = Release|x64
		Release|x86 = Release|x86
	EndGlobalSection
	GlobalSection(ProjectConfigurationPlatforms) = postSolution
		{5D9209D6-57FE-4D04-99A3-0461EECD5D58}.Debug|x64.ActiveCfg = Debug|x64
		{5D9209D6-57FE-4D04-99A3-0461EECD5D58}.Debug|x64.Build.0 = Debug|x64
		{5D9209D6-57FE-4D04-99A3-0461EECD5D58}.Debug|x86.ActiveCfg = Debug|Win32
		{5D9209D6-57FE-4D04-99A3-0461EECD5D58}.Debug|x86.Build.0 = Debug|Win32
		{5D9209D6-57FE-4D04-99A3-0461EECD5D58}.Release|x64.ActiveCfg = Release|x64
		{5D9209D6-57FE-4D04-99A3-0461EECD5D58}.Release|x64.Build.0 = Release|x64
		{5D9209D6-57FE-4D04-99A3-0461EECD5D58}.Release|x86.ActiveCfg = Release|Win32
		{5D9209D6-57FE-4D04-99A3-0461EECD5D58}.Release|x86.Build.0 = Release|Win32
		{F1D65F4B-6600-42F7-8093-327E12B66A48}.Debug|x64.ActiveCfg = Debug|x64
		{F1D65F4B-6600-42F7-8093-327E12B66A48}.Debug|x64.Build.0 = Debug|x64
		{F1D65F4B-6600-42F7-8093-327E12B66A48}.Debug|x86.ActiveCfg = Debug|Win32
		{F1D65F4B-6600-42F7-8093-327E12B66A48}.Debug|x86.Build.0 = Debug|Win32
		{F1D65F4B-6600-42F7-8093-327E12B66A48}.Release|x64.ActiveCfg = Release|x64
		{F1D65F4B-6600-42F7-8093-327E12B66A48}.Release|x64.Build.0 = Release|x64
		{F1D65F4B-6600-42F7-8093-327E12B66A48}.Release|x86.ActiveCfg = Release|Win32
		{F1D65F4B-6600-42F7-8093-327E12B66A48}.Release|x86.Build.0 = Release|Win32
		{A88FDFA5-652C-411F-A459-60A6F876A5D8}.Debug|x64.ActiveCfg = Debug|x64
		{A88FDFA5-652C-411F-A459-60A6F876A5D8}.Debug|x64.Build.0 = Debug|x64
		{A88FDFA5-652C-411F-A459-60A6F876A5D8}.Debug|x86.ActiveCfg = Debug|Win32
		{A88FDFA5-652C-411F-A459-60A6F876A5D8}.Debug|x86.Build.0 = Debug|Win32
		{A88FDFA5-652C-411F-A459-60A6F876A5D8}.Release|x64.ActiveCfg = Release|x64
		{A88FDFA5-652C-411F-A459-60A6F876A5D8}.Release|x64.Build.0 = Release|x64
		{A88FDFA5-652C-411F-A459-60A6F876A5D8}.Release|x86.ActiveCfg = Release|Win32
		{A88FDFA5-652C-411F-A459-60A6F876A5D8}.Release|x86.Build.0 = Release|Win32
		{12DD5F81-CB26-42FF-A502-36FC9DAA1830}.Debug|x64.ActiveCfg = Debug|x64
		{12DD5F81-CB26-42FF-A502-36FC9DAA1830}.Debug|x64.Build.0 = Debug|x64
		{12DD5F81-CB26-42FF-A502-36FC9DAA1830}.Debug|x86.ActiveCfg = Debug|Win32
		{12DD5F81-CB26-42FF-A502-36FC9DAA1830}.Debug|x86.Build.0 = Debug|Win32
		{12DD5F81-CB26-42FF-A502-36FC9DAA1830}.Release|x64.ActiveCfg = Release|x64
		{12DD5F81-CB26-42FF-A502-36FC9DAA1830}.Release|x64.Build.0 = Release|x64
		{12DD5F81-CB26-42FF-A502-36FC9DAA1830}.Release|x86.ActiveCfg = Release|Win32
		{12DD5F81-CB26-42FF-A502-36FC9DAA1830}.Release|x86.Build.0 = Release|Win32
		{390A0DDE-6954-4276-B30B-D84892E4B443}.Debug|x64.ActiveCfg = Debug|x64
		{390A0DDE-6954-4276-B30B-D84892E4B443}.Debug|x64.Build.0 = Debug|x64
		{390A0DDE-6954-4276-B30B-D84892E4B443}.Debug|x86.ActiveCfg = Debug|Win32
		{390A0DDE-6954-4276-B30B-D84892E4B443}.Debug|x86.Build.0 = Debug|Win32
		{390A0DDE-6954-4276-B30B-D84892E4B443}.Release|x64.ActiveCfg = Release|x64
		{390A0DDE-6954-4276-B30B-D84892E4B443}.Release|x64.Build.0 = Release|x64
		{390A0DDE-6954-4276-B30B-D84892E4B443}.Release|x86.ActiveCfg = Release|Win32
		{390A0DDE-6954-4276-B30B-D84892E4B443}.Release|x86.Build.0 = Release|Win32
		{960FC349-8736-4452-BEE6-99433DD047B6}.Debug|x64.ActiveCfg = Debug|x64
		{960FC349-8736-4452-BEE6-99433DD047B6}.Debug|x64.Build.0 = Debug|x64
		{960FC349-8736-4452-BEE6-99433DD047B6}.Debug|x86.ActiveCfg = Debug|Win32
		{960FC349-8736-4452-BEE6-99433DD047B6}.Debug|x86.Build.0 = Debug|Win32
		{960FC349-8736-4452-BEE6-99433DD047B6}.Release|x64.ActiveCfg = Release|x64
		{960FC349-8736-4452-BEE6-99433DD047B6}.Release|x64.Build.0 = Release|x64
		{960FC349-8736-4452-BEE6-99433DD047B6}.Release|x86.ActiveCfg = Release|Win32
		{960FC349-8736-4452-BEE6-99433DD047B6}.Release|x86.Build.0 = Release|Win32
	EndGlobalSection
	GlobalSection(SolutionProperties) = preSolution
		HideSolutionNode = FALSE
	EndGlobalSection
	GlobalSection(NestedProjects) = preSolution
		{F1D65F4B-6600-42F7-8093-327E12B66A48} = {0D5721A8-15D6-4E8E-AE42-82A43A3DE9B2}
		{A88FDFA5-652C-411F-A459-60A6F876A5D8} = {7A88AC8E-F970-49F7-85F3-A795EC36701B}
		{12DD5F81-CB26-42FF-A502-36FC9DAA1830} = {7A88AC8E-F970-49F7-85F3-A795EC36701B}
		{390A0DDE-6954-4276-B30B-D84892E4B443} = {7A88AC8E-F970-49F7-85F3-A795EC36701B}
		{960FC349-8736-4452-BEE6-99433DD047B6} = {7A88AC8E-F970-49F7-85F3-A795EC36701B}
	EndGlobalSection
	GlobalSection(ExtensibilityGlobals) = postSolution
		SolutionGuid = {972F1D2F-0BC6-4616-A53A-A782D7B90C73}
	EndGlobalSection
EndGlobal
