<?xml version="1.0" encoding="utf-8"?>
<Project ToolsVersion="4.0" xmlns="http://schemas.microsoft.com/developer/msbuild/2003">
  <ItemGroup>
    <Filter Include="__meta__">
      <UniqueIdentifier>{7c303be3-462a-40d0-8881-fd45e0f667b9}</UniqueIdentifier>
    </Filter>
    <Filter Include="__resource file__">
      <UniqueIdentifier>{67DA6AB6-F800-4c08-8B7A-83BB121AAD01}</UniqueIdentifier>
      <Extensions>rc;ico;cur;bmp;dlg;rc2;rct;bin;rgs;gif;jpg;jpeg;jpe;resx;tiff;tif;png;wav;mfcribbon-ms</Extensions>
    </Filter>
    <Filter Include="__resource__">
      <UniqueIdentifier>{c2fa473b-c7e8-4d96-aed0-d7399b97377e}</UniqueIdentifier>
    </Filter>
    <Filter Include="GL">
      <UniqueIdentifier>{da0db258-4496-46e2-a587-4d0ff3aff608}</UniqueIdentifier>
    </Filter>
  </ItemGroup>
  <ItemGroup>
    <ClCompile Include="pch.cpp">
      <Filter>__meta__</Filter>
    </ClCompile>
    <ClCompile Include="HEM_RENDER.cpp">
      <Filter>__meta__</Filter>
    </ClCompile>
    <ClCompile Include="WGLView.cpp">
      <Filter>GL</Filter>
    </ClCompile>
    <ClCompile Include="HEMView.cpp">
      <Filter>GL</Filter>
    </ClCompile>
  </ItemGroup>
  <ItemGroup>
    <None Include="res\HEM_RENDER.rc2">
      <Filter>__resource__</Filter>
    </None>
    <None Include="HEM_RENDER.def">
      <Filter>__meta__</Filter>
    </None>
  </ItemGroup>
  <ItemGroup>
    <ClInclude Include="targetver.h">
      <Filter>__meta__</Filter>
    </ClInclude>
    <ClInclude Include="pch.h">
      <Filter>__meta__</Filter>
    </ClInclude>
    <ClInclude Include="HEM_RENDER.h">
      <Filter>__meta__</Filter>
    </ClInclude>
    <ClInclude Include="framework.h">
      <Filter>__meta__</Filter>
    </ClInclude>
    <ClInclude Include="Resource.h">
      <Filter>__resource__</Filter>
    </ClInclude>
    <ClInclude Include="WGLView.h">
      <Filter>GL</Filter>
    </ClInclude>
    <ClInclude Include="AllHeaderGL.h">
      <Filter>__meta__</Filter>
    </ClInclude>
    <ClInclude Include="HEMView.h">
      <Filter>GL</Filter>
    </ClInclude>
  </ItemGroup>
  <ItemGroup>
    <ResourceCompile Include="HEM_RENDER.rc">
      <Filter>__resource__</Filter>
    </ResourceCompile>
  </ItemGroup>
</Project>